
Microsoft Visual Studio Solution File, Format Version 12.00
# Visual Studio Version 17
VisualStudioVersion = 17.8.34330.188
MinimumVisualStudioVersion = 10.0.40219.1
Project("{FAE04EC0-301F-11D3-BF4B-00C04F79EFBC}") = "Backtest.Net", "Backtest.Net\Backtest.Net.csproj", "{46BDC73E-7282-48DE-A2C0-EBC0921344D5}"
EndProject
Global
	GlobalSection(SolutionConfigurationPlatforms) = preSolution
		Debug|Any CPU = Debug|Any CPU
		Release|Any CPU = Release|Any CPU
	EndGlobalSection
	GlobalSection(ProjectConfigurationPlatforms) = postSolution
		{46BDC73E-7282-48DE-A2C0-EBC0921344D5}.Debug|Any CPU.ActiveCfg = Debug|Any CPU
		{46BDC73E-7282-48DE-A2C0-EBC0921344D5}.Debug|Any CPU.Build.0 = Debug|Any CPU
		{46BDC73E-7282-48DE-A2C0-EBC0921344D5}.Release|Any CPU.ActiveCfg = Release|Any CPU
		{46BDC73E-7282-48DE-A2C0-EBC0921344D5}.Release|Any CPU.Build.0 = Release|Any CPU
	EndGlobalSection
	GlobalSection(SolutionProperties) = preSolution
		HideSolutionNode = FALSE
	EndGlobalSection
	GlobalSection(ExtensibilityGlobals) = postSolution
		SolutionGuid = {0B3E5D03-0F5D-4905-87D1-7EBAFE32F62F}
	EndGlobalSection
EndGlobal
