
Microsoft Visual Studio Solution File, Format Version 12.00
# Visual Studio Version 17
VisualStudioVersion = 17.8.34330.188
MinimumVisualStudioVersion = 10.0.40219.1
Project("{9A19103F-16F7-4668-BE54-9A1E7A4F7556}") = "Backtest.Net", "src\Backtest.Net\Backtest.Net.csproj", "{46BDC73E-7282-48DE-A2C0-EBC0921344D5}"
EndProject
Project("{9A19103F-16F7-4668-BE54-9A1E7A4F7556}") = "Backtest.Net.Tests", "tests\Backtest.Net.Tests\Backtest.Net.Tests.csproj", "{5276BF92-978A-4976-B64C-9513D912F85B}"
EndProject
Project("{9A19103F-16F7-4668-BE54-9A1E7A4F7556}") = "Backtest.Net.Benchmarks", "benchmarks\Backtest.Net.Benchmarks\Backtest.Net.Benchmarks.csproj", "{727B11EA-4007-45C9-9C88-EA3C042EFA58}"
EndProject
Project("{2150E333-8FDC-42A3-9474-1A3956D46DE8}") = "src", "src", "{E7B2D433-5E5C-4A5A-8F1A-1B2C3D4E5F6A}"
EndProject
Project("{2150E333-8FDC-42A3-9474-1A3956D46DE8}") = "tests", "tests", "{A1B2C3D4-5E6F-7A8B-9C0D-1E2F3A4B5C6D}"
EndProject
Project("{2150E333-8FDC-42A3-9474-1A3956D46DE8}") = "benchmarks", "benchmarks", "{B2C3D4E5-6F7A-8B9C-0D1E-2F3A4B5C6D7E}"
EndProject
Project("{2150E333-8FDC-42A3-9474-1A3956D46DE8}") = "Solution Items", "Solution Items", "{C1D2E3F4-5A6B-7C8D-9E0F-1A2B3C4D5E6F}"
	ProjectSection(SolutionItems) = preProject
		.editorconfig = .editorconfig
		.gitattributes = .gitattributes
		.gitignore = .gitignore
		CHANGELOG.md = CHANGELOG.md
		CODE_OF_CONDUCT.md = CODE_OF_CONDUCT.md
		CONTRIBUTING.md = CONTRIBUTING.md
		Directory.Build.props = Directory.Build.props
		global.json = global.json
		LICENSE = LICENSE
		README.md = README.md
		ROADMAP.md = ROADMAP.md
		SECURITY.md = SECURITY.md
	EndProjectSection
EndProject
Global
	GlobalSection(SolutionConfigurationPlatforms) = preSolution
		Release|Any CPU = Release|Any CPU
		Debug|Any CPU = Debug|Any CPU
	EndGlobalSection
	GlobalSection(ProjectConfigurationPlatforms) = postSolution
		{46BDC73E-7282-48DE-A2C0-EBC0921344D5}.Release|Any CPU.ActiveCfg = Release|Any CPU
		{46BDC73E-7282-48DE-A2C0-EBC0921344D5}.Release|Any CPU.Build.0 = Release|Any CPU
		{46BDC73E-7282-48DE-A2C0-EBC0921344D5}.Debug|Any CPU.ActiveCfg = Debug|Any CPU
		{46BDC73E-7282-48DE-A2C0-EBC0921344D5}.Debug|Any CPU.Build.0 = Debug|Any CPU
		{5276BF92-978A-4976-B64C-9513D912F85B}.Release|Any CPU.ActiveCfg = Release|Any CPU
		{5276BF92-978A-4976-B64C-9513D912F85B}.Release|Any CPU.Build.0 = Release|Any CPU
		{5276BF92-978A-4976-B64C-9513D912F85B}.Debug|Any CPU.ActiveCfg = Debug|Any CPU
		{5276BF92-978A-4976-B64C-9513D912F85B}.Debug|Any CPU.Build.0 = Debug|Any CPU
		{727B11EA-4007-45C9-9C88-EA3C042EFA58}.Release|Any CPU.ActiveCfg = Release|Any CPU
		{727B11EA-4007-45C9-9C88-EA3C042EFA58}.Release|Any CPU.Build.0 = Release|Any CPU
		{727B11EA-4007-45C9-9C88-EA3C042EFA58}.Debug|Any CPU.ActiveCfg = Debug|Any CPU
		{727B11EA-4007-45C9-9C88-EA3C042EFA58}.Debug|Any CPU.Build.0 = Debug|Any CPU
	EndGlobalSection
	GlobalSection(SolutionProperties) = preSolution
		HideSolutionNode = FALSE
	EndGlobalSection
	GlobalSection(NestedProjects) = preSolution
		{46BDC73E-7282-48DE-A2C0-EBC0921344D5} = {E7B2D433-5E5C-4A5A-8F1A-1B2C3D4E5F6A}
		{5276BF92-978A-4976-B64C-9513D912F85B} = {A1B2C3D4-5E6F-7A8B-9C0D-1E2F3A4B5C6D}
		{727B11EA-4007-45C9-9C88-EA3C042EFA58} = {B2C3D4E5-6F7A-8B9C-0D1E-2F3A4B5C6D7E}
	EndGlobalSection
	GlobalSection(ExtensibilityGlobals) = postSolution
		SolutionGuid = {0B3E5D03-0F5D-4905-87D1-7EBAFE32F62F}
	EndGlobalSection
EndGlobal
